# THIS IS AN AUTOGENERATED FILE. DO NOT EDIT THIS FILE DIRECTLY.
# yarn lockfile v1


"@interactjs/actions@1.7.0":
  version "1.7.0"
  resolved "https://registry.yarnpkg.com/@interactjs/actions/-/actions-1.7.0.tgz#12be97043afa9f3ac663524ebfac1f3a9f294fbb"

"@interactjs/auto-scroll@1.7.0":
  version "1.7.0"
  resolved "https://registry.yarnpkg.com/@interactjs/auto-scroll/-/auto-scroll-1.7.0.tgz#58cbbb4b96859674ac42ce9e1e1843236f297df4"

"@interactjs/auto-start@1.7.0":
  version "1.7.0"
  resolved "https://registry.yarnpkg.com/@interactjs/auto-start/-/auto-start-1.7.0.tgz#fd2e6e99670baeb6509341c8659cf723bae6bb72"

"@interactjs/core@1.7.0":
  version "1.7.0"
  resolved "https://registry.yarnpkg.com/@interactjs/core/-/core-1.7.0.tgz#02e2de4c37dd00ac9b00a954435405c8b5542d8c"

"@interactjs/dev-tools@1.7.0":
  version "1.7.0"
  resolved "https://registry.yarnpkg.com/@interactjs/dev-tools/-/dev-tools-1.7.0.tgz#d181c0e113496549f15f5f29d6adcc60cbe50424"
  dependencies:
    "@interactjs/utils" "1.7.0"

"@interactjs/inertia@1.7.0":
  version "1.7.0"
  resolved "https://registry.yarnpkg.com/@interactjs/inertia/-/inertia-1.7.0.tgz#d35959a268eeb593b6a877e2ff6284828cf0b7af"

"@interactjs/interact@1.7.0":
  version "1.7.0"
  resolved "https://registry.yarnpkg.com/@interactjs/interact/-/interact-1.7.0.tgz#9996c3435829ac3b134ea5f9daa5f5adfbcb71c1"

"@interactjs/modifiers@1.7.0":
  version "1.7.0"
  resolved "https://registry.yarnpkg.com/@interactjs/modifiers/-/modifiers-1.7.0.tgz#3093a36d046057f8b9199ed0deef72f3f8233b3c"

"@interactjs/pointer-events@1.7.0":
  version "1.7.0"
  resolved "https://registry.yarnpkg.com/@interactjs/pointer-events/-/pointer-events-1.7.0.tgz#01a5a1735d7b1887bef2c49a06faec9043188413"

"@interactjs/reflow@1.7.0":
  version "1.7.0"
  resolved "https://registry.yarnpkg.com/@interactjs/reflow/-/reflow-1.7.0.tgz#9bf758dfa7dbe2a7d002b4e492fbbf221988fa8d"

"@interactjs/types@1.7.0":
  version "1.7.0"
  resolved "https://registry.yarnpkg.com/@interactjs/types/-/types-1.7.0.tgz#02accd00eaaa536d55a0fadad94170a127f96f6d"
  dependencies:
    "@interactjs/actions" "1.7.0"
    "@interactjs/auto-scroll" "1.7.0"
    "@interactjs/auto-start" "1.7.0"
    "@interactjs/core" "1.7.0"
    "@interactjs/dev-tools" "1.7.0"
    "@interactjs/inertia" "1.7.0"
    "@interactjs/interact" "1.7.0"
    "@interactjs/modifiers" "1.7.0"
    "@interactjs/pointer-events" "1.7.0"
    "@interactjs/reflow" "1.7.0"
    "@interactjs/utils" "1.7.0"

"@interactjs/utils@1.7.0":
  version "1.7.0"
  resolved "https://registry.yarnpkg.com/@interactjs/utils/-/utils-1.7.0.tgz#10b5de083ca5186777abd383e5fdc4c162da9635"

interactjs@^1.7.0:
  version "1.7.0"
  resolved "https://registry.yarnpkg.com/interactjs/-/interactjs-1.7.0.tgz#55634ce36c410a038155b96cc3f80ec0e20f97de"
  dependencies:
    "@interactjs/types" "1.7.0"
