# THIS IS AN AUTOGENERATED FILE. DO NOT EDIT THIS FILE DIRECTLY.
# yarn lockfile v1


"@fullcalendar/resource-common@~4.3.0":
  version "4.3.1"
  resolved "https://registry.yarnpkg.com/@fullcalendar/resource-common/-/resource-common-4.3.1.tgz#cf676c6c61a0a2879dc67d505b16a9a67694c0f2"

"@fullcalendar/resource-timeline@^4.3.0":
  version "4.3.0"
  resolved "https://registry.yarnpkg.com/@fullcalendar/resource-timeline/-/resource-timeline-4.3.0.tgz#4a1c1ce62c5c4174a6ceb6aa69f8ad5ac1b4c401"
  dependencies:
    "@fullcalendar/resource-common" "~4.3.0"
    "@fullcalendar/timeline" "~4.3.0"

"@fullcalendar/timeline@~4.3.0":
  version "4.3.0"
  resolved "https://registry.yarnpkg.com/@fullcalendar/timeline/-/timeline-4.3.0.tgz#560a7e36ba25f686c7c8cdfbb5f489e9d4441760"

"@interactjs/actions@1.7.2":
  version "1.7.2"
  resolved "https://registry.yarnpkg.com/@interactjs/actions/-/actions-1.7.2.tgz#e1ef3275a001458d980b7ff46df7a922fd58254a"

"@interactjs/auto-scroll@1.7.2":
  version "1.7.2"
  resolved "https://registry.yarnpkg.com/@interactjs/auto-scroll/-/auto-scroll-1.7.2.tgz#a9ac6e34987bce7275ef6e4736bb1f2f3a576a1d"

"@interactjs/auto-start@1.7.2":
  version "1.7.2"
  resolved "https://registry.yarnpkg.com/@interactjs/auto-start/-/auto-start-1.7.2.tgz#647bdb70f558bea5f3e1bd4118b2531f3c42d4e3"

"@interactjs/core@1.7.2":
  version "1.7.2"
  resolved "https://registry.yarnpkg.com/@interactjs/core/-/core-1.7.2.tgz#bd0156e90e3e3c6ddd42e18ad295b82ea1572403"

"@interactjs/dev-tools@1.7.2":
  version "1.7.2"
  resolved "https://registry.yarnpkg.com/@interactjs/dev-tools/-/dev-tools-1.7.2.tgz#eb2db9d6b66ab969ae921750f68d15df6a87b87a"
  dependencies:
    "@interactjs/utils" "1.7.2"

"@interactjs/inertia@1.7.2":
  version "1.7.2"
  resolved "https://registry.yarnpkg.com/@interactjs/inertia/-/inertia-1.7.2.tgz#c5f7b6ea0a9a5308ec4c0f9bb8f096912dc26b1b"

"@interactjs/interact@1.7.2":
  version "1.7.2"
  resolved "https://registry.yarnpkg.com/@interactjs/interact/-/interact-1.7.2.tgz#1f5dadabf114867f6c44c136d335caa30d77f993"

"@interactjs/interactjs@1.7.2":
  version "1.7.2"
  resolved "https://registry.yarnpkg.com/@interactjs/interactjs/-/interactjs-1.7.2.tgz#c7a02e7f250fe2768a7ad8365a176b10bde42dcf"
  dependencies:
    "@interactjs/types" "1.7.2"

"@interactjs/modifiers@1.7.2":
  version "1.7.2"
  resolved "https://registry.yarnpkg.com/@interactjs/modifiers/-/modifiers-1.7.2.tgz#861583607cfe600372ee61e7480772097a3cde94"

"@interactjs/pointer-events@1.7.2":
  version "1.7.2"
  resolved "https://registry.yarnpkg.com/@interactjs/pointer-events/-/pointer-events-1.7.2.tgz#9212750f8f93b8d382367e4974d36af870db0d1c"

"@interactjs/reflow@1.7.2":
  version "1.7.2"
  resolved "https://registry.yarnpkg.com/@interactjs/reflow/-/reflow-1.7.2.tgz#041ddb2a3b9ddc38ba7ff675ab44ea39707e6f06"

"@interactjs/types@1.7.2":
  version "1.7.2"
  resolved "https://registry.yarnpkg.com/@interactjs/types/-/types-1.7.2.tgz#cc49b4098546e1066ff1bb6337510860c030b59f"
  dependencies:
    "@interactjs/actions" "1.7.2"
    "@interactjs/auto-scroll" "1.7.2"
    "@interactjs/auto-start" "1.7.2"
    "@interactjs/core" "1.7.2"
    "@interactjs/dev-tools" "1.7.2"
    "@interactjs/inertia" "1.7.2"
    "@interactjs/interact" "1.7.2"
    "@interactjs/modifiers" "1.7.2"
    "@interactjs/pointer-events" "1.7.2"
    "@interactjs/reflow" "1.7.2"
    "@interactjs/utils" "1.7.2"

"@interactjs/utils@1.7.2":
  version "1.7.2"
  resolved "https://registry.yarnpkg.com/@interactjs/utils/-/utils-1.7.2.tgz#439bdb8caf626a9160b3bde32d72cdda5b15b1be"

interactjs@^1.7.2:
  version "1.7.2"
  resolved "https://registry.yarnpkg.com/interactjs/-/interactjs-1.7.2.tgz#bee3133cf0b5757f1f1426ba45f8ac7138cae0e1"
  dependencies:
    "@interactjs/interactjs" "1.7.2"
    "@interactjs/types" "1.7.2"
